
Microsoft Visual Studio Solution File, Format Version 12.00
# Visual Studio Version 17
VisualStudioVersion = 17.0.31903.59
MinimumVisualStudioVersion = 10.0.40219.1
Project("{FAE04EC0-301F-11D3-BF4B-00C04F79EFBC}") = "views-practice", "views-practice\views-practice.csproj", "{0CE2ECF8-A885-43FD-911C-CA6F97822FCC}"
EndProject
Global
	GlobalSection(SolutionConfigurationPlatforms) = preSolution
		Debug|Any CPU = Debug|Any CPU
		Release|Any CPU = Release|Any CPU
	EndGlobalSection
	GlobalSection(SolutionProperties) = preSolution
		HideSolutionNode = FALSE
	EndGlobalSection
	GlobalSection(ProjectConfigurationPlatforms) = postSolution
		{0CE2ECF8-A885-43FD-911C-CA6F97822FCC}.Debug|Any CPU.ActiveCfg = Debug|Any CPU
		{0CE2ECF8-A885-43FD-911C-CA6F97822FCC}.Debug|Any CPU.Build.0 = Debug|Any CPU
		{0CE2ECF8-A885-43FD-911C-CA6F97822FCC}.Release|Any CPU.ActiveCfg = Release|Any CPU
		{0CE2ECF8-A885-43FD-911C-CA6F97822FCC}.Release|Any CPU.Build.0 = Release|Any CPU
	EndGlobalSection
EndGlobal
