
Microsoft Visual Studio Solution File, Format Version 12.00
# Visual Studio Version 17
VisualStudioVersion = 17.5.002.0
MinimumVisualStudioVersion = 10.0.40219.1
Project("{9A19103F-16F7-4668-BE54-9A1E7A4F7556}") = "views-practice", "views-practice.csproj", "{5EF02E23-0DB1-450D-A7E9-0B962FF18C93}"
EndProject
Global
	GlobalSection(SolutionConfigurationPlatforms) = preSolution
		Debug|Any CPU = Debug|Any CPU
		Release|Any CPU = Release|Any CPU
	EndGlobalSection
	GlobalSection(ProjectConfigurationPlatforms) = postSolution
		{5EF02E23-0DB1-450D-A7E9-0B962FF18C93}.Debug|Any CPU.ActiveCfg = Debug|Any CPU
		{5EF02E23-0DB1-450D-A7E9-0B962FF18C93}.Debug|Any CPU.Build.0 = Debug|Any CPU
		{5EF02E23-0DB1-450D-A7E9-0B962FF18C93}.Release|Any CPU.ActiveCfg = Release|Any CPU
		{5EF02E23-0DB1-450D-A7E9-0B962FF18C93}.Release|Any CPU.Build.0 = Release|Any CPU
	EndGlobalSection
	GlobalSection(SolutionProperties) = preSolution
		HideSolutionNode = FALSE
	EndGlobalSection
	GlobalSection(ExtensibilityGlobals) = postSolution
		SolutionGuid = {97653CD1-A53D-451B-A22F-34D42E40B51A}
	EndGlobalSection
EndGlobal
